
Microsoft Visual Studio Solution File, Format Version 11.00
# Visual Studio 2010
Project("{FAE04EC0-301F-11D3-BF4B-00C04F79EFBC}") = "RecursiveFolderList", "RecursiveFolderList\RecursiveFolderList.csproj", "{9B29F54F-502A-4CAB-94C5-6E0B5F943E1F}"
EndProject
Global
	GlobalSection(SolutionConfigurationPlatforms) = preSolution
		Debug|x86 = Debug|x86
		Release|x86 = Release|x86
	EndGlobalSection
	GlobalSection(ProjectConfigurationPlatforms) = postSolution
		{9B29F54F-502A-4CAB-94C5-6E0B5F943E1F}.Debug|x86.ActiveCfg = Debug|x86
		{9B29F54F-502A-4CAB-94C5-6E0B5F943E1F}.Debug|x86.Build.0 = Debug|x86
		{9B29F54F-502A-4CAB-94C5-6E0B5F943E1F}.Release|x86.ActiveCfg = Release|x86
		{9B29F54F-502A-4CAB-94C5-6E0B5F943E1F}.Release|x86.Build.0 = Release|x86
	EndGlobalSection
	GlobalSection(SolutionProperties) = preSolution
		HideSolutionNode = FALSE
	EndGlobalSection
EndGlobal
